
Microsoft Visual Studio Solution File, Format Version 12.00
# Visual Studio 15
VisualStudioVersion = 15.0.28307.539
MinimumVisualStudioVersion = 10.0.40219.1
Project("{FAE04EC0-301F-11D3-BF4B-00C04F79EFBC}") = "Wpf.Util.Core", "Wpf.Util.Core.csproj", "{708B550A-09B4-459D-8E1A-9003D23171E8}"
EndProject
Global
	GlobalSection(SolutionConfigurationPlatforms) = preSolution
		Debug|Any CPU = Debug|Any CPU
		Release|Any CPU = Release|Any CPU
	EndGlobalSection
	GlobalSection(ProjectConfigurationPlatforms) = postSolution
		{708B550A-09B4-459D-8E1A-9003D23171E8}.Debug|Any CPU.ActiveCfg = Debug|Any CPU
		{708B550A-09B4-459D-8E1A-9003D23171E8}.Debug|Any CPU.Build.0 = Debug|Any CPU
		{708B550A-09B4-459D-8E1A-9003D23171E8}.Release|Any CPU.ActiveCfg = Release|Any CPU
		{708B550A-09B4-459D-8E1A-9003D23171E8}.Release|Any CPU.Build.0 = Release|Any CPU
	EndGlobalSection
	GlobalSection(SolutionProperties) = preSolution
		HideSolutionNode = FALSE
	EndGlobalSection
	GlobalSection(ExtensibilityGlobals) = postSolution
		SolutionGuid = {07EA6F36-22FC-489E-8F42-C2164E6CB619}
	EndGlobalSection
EndGlobal
